
Microsoft Visual Studio Solution File, Format Version 12.00
# Visual Studio Version 17
VisualStudioVersion = 17.14.36221.1 d17.14
MinimumVisualStudioVersion = 10.0.40219.1
Project("{FAE04EC0-301F-11D3-BF4B-00C04F79EFBC}") = "DeliciasApp", "DeliciasApp\DeliciasApp.csproj", "{6DAD9BB5-56CF-4637-A057-DCE1311921E0}"
EndProject
Global
	GlobalSection(SolutionConfigurationPlatforms) = preSolution
		Debug|Any CPU = Debug|Any CPU
		Release|Any CPU = Release|Any CPU
	EndGlobalSection
	GlobalSection(ProjectConfigurationPlatforms) = postSolution
		{6DAD9BB5-56CF-4637-A057-DCE1311921E0}.Debug|Any CPU.ActiveCfg = Debug|Any CPU
		{6DAD9BB5-56CF-4637-A057-DCE1311921E0}.Debug|Any CPU.Build.0 = Debug|Any CPU
		{6DAD9BB5-56CF-4637-A057-DCE1311921E0}.Release|Any CPU.ActiveCfg = Release|Any CPU
		{6DAD9BB5-56CF-4637-A057-DCE1311921E0}.Release|Any CPU.Build.0 = Release|Any CPU
	EndGlobalSection
	GlobalSection(SolutionProperties) = preSolution
		HideSolutionNode = FALSE
	EndGlobalSection
	GlobalSection(ExtensibilityGlobals) = postSolution
		SolutionGuid = {4438F40F-B4CB-4873-B08A-75A6C2EE29DC}
	EndGlobalSection
EndGlobal
